
Microsoft Visual Studio Solution File, Format Version 12.00
# Visual Studio Version 16
VisualStudioVersion = 16.0.31624.102
MinimumVisualStudioVersion = 10.0.40219.1
Project("{9A19103F-16F7-4668-BE54-9A1E7A4F7556}") = "NashShop_BackendApi", "NashShop_BackendApi\NashShop_BackendApi.csproj", "{061A3DC6-A137-4CF2-B748-3DDF78A75869}"
EndProject
Project("{9A19103F-16F7-4668-BE54-9A1E7A4F7556}") = "NashShop_ViewModel", "NashShop_ViewModel\NashShop_ViewModel.csproj", "{E8C56E43-0173-4953-B45F-C70CA7073438}"
EndProject
Project("{2150E333-8FDC-42A3-9474-1A3956D46DE8}") = "0. Readme", "0. Readme", "{918D0539-74CF-44FB-BD80-85028CB3918E}"
	ProjectSection(SolutionItems) = preProject
		mindset.txt = mindset.txt
		Readme.md = Readme.md
	EndProjectSection
EndProject
Project("{9A19103F-16F7-4668-BE54-9A1E7A4F7556}") = "NashShop_CustomerSite", "NashShop_CustomerSite\NashShop_CustomerSite.csproj", "{B223B2B3-0794-42CC-8DF4-E13B31C34FD4}"
EndProject
Project("{FAE04EC0-301F-11D3-BF4B-00C04F79EFBC}") = "NashShop_UnitTest", "NashShop_UnitTest\NashShop_UnitTest.csproj", "{6BACDE8B-963B-4BD5-A1BA-C985FDEC7FFD}"
EndProject
Global
	GlobalSection(SolutionConfigurationPlatforms) = preSolution
		Debug|Any CPU = Debug|Any CPU
		Release|Any CPU = Release|Any CPU
	EndGlobalSection
	GlobalSection(ProjectConfigurationPlatforms) = postSolution
		{061A3DC6-A137-4CF2-B748-3DDF78A75869}.Debug|Any CPU.ActiveCfg = Debug|Any CPU
		{061A3DC6-A137-4CF2-B748-3DDF78A75869}.Debug|Any CPU.Build.0 = Debug|Any CPU
		{061A3DC6-A137-4CF2-B748-3DDF78A75869}.Release|Any CPU.ActiveCfg = Release|Any CPU
		{061A3DC6-A137-4CF2-B748-3DDF78A75869}.Release|Any CPU.Build.0 = Release|Any CPU
		{E8C56E43-0173-4953-B45F-C70CA7073438}.Debug|Any CPU.ActiveCfg = Debug|Any CPU
		{E8C56E43-0173-4953-B45F-C70CA7073438}.Debug|Any CPU.Build.0 = Debug|Any CPU
		{E8C56E43-0173-4953-B45F-C70CA7073438}.Release|Any CPU.ActiveCfg = Release|Any CPU
		{E8C56E43-0173-4953-B45F-C70CA7073438}.Release|Any CPU.Build.0 = Release|Any CPU
		{B223B2B3-0794-42CC-8DF4-E13B31C34FD4}.Debug|Any CPU.ActiveCfg = Debug|Any CPU
		{B223B2B3-0794-42CC-8DF4-E13B31C34FD4}.Debug|Any CPU.Build.0 = Debug|Any CPU
		{B223B2B3-0794-42CC-8DF4-E13B31C34FD4}.Release|Any CPU.ActiveCfg = Release|Any CPU
		{B223B2B3-0794-42CC-8DF4-E13B31C34FD4}.Release|Any CPU.Build.0 = Release|Any CPU
		{6BACDE8B-963B-4BD5-A1BA-C985FDEC7FFD}.Debug|Any CPU.ActiveCfg = Debug|Any CPU
		{6BACDE8B-963B-4BD5-A1BA-C985FDEC7FFD}.Debug|Any CPU.Build.0 = Debug|Any CPU
		{6BACDE8B-963B-4BD5-A1BA-C985FDEC7FFD}.Release|Any CPU.ActiveCfg = Release|Any CPU
		{6BACDE8B-963B-4BD5-A1BA-C985FDEC7FFD}.Release|Any CPU.Build.0 = Release|Any CPU
	EndGlobalSection
	GlobalSection(SolutionProperties) = preSolution
		HideSolutionNode = FALSE
	EndGlobalSection
	GlobalSection(ExtensibilityGlobals) = postSolution
		SolutionGuid = {AD6A559E-69A5-44A8-9528-398C698B27A7}
	EndGlobalSection
EndGlobal
